
Microsoft Visual Studio Solution File, Format Version 12.00
# Visual Studio 2013
VisualStudioVersion = 12.0.21005.1
MinimumVisualStudioVersion = 10.0.40219.1
Project("{FAE04EC0-301F-11D3-BF4B-00C04F79EFBC}") = "Beginner_OOP_Inheritance_Functions", "Beginner_OOP_Inheritance_Functions\Beginner_OOP_Inheritance_Functions.csproj", "{2D606327-C440-4098-99EB-4FCB0EFE65DF}"
EndProject
Global
	GlobalSection(SolutionConfigurationPlatforms) = preSolution
		Debug|Any CPU = Debug|Any CPU
		Release|Any CPU = Release|Any CPU
	EndGlobalSection
	GlobalSection(ProjectConfigurationPlatforms) = postSolution
		{2D606327-C440-4098-99EB-4FCB0EFE65DF}.Debug|Any CPU.ActiveCfg = Debug|Any CPU
		{2D606327-C440-4098-99EB-4FCB0EFE65DF}.Debug|Any CPU.Build.0 = Debug|Any CPU
		{2D606327-C440-4098-99EB-4FCB0EFE65DF}.Release|Any CPU.ActiveCfg = Release|Any CPU
		{2D606327-C440-4098-99EB-4FCB0EFE65DF}.Release|Any CPU.Build.0 = Release|Any CPU
	EndGlobalSection
	GlobalSection(SolutionProperties) = preSolution
		HideSolutionNode = FALSE
	EndGlobalSection
EndGlobal
